<?xml version="1.0" encoding="utf-8"?>
<Project ToolsVersion="4.0" xmlns="http://schemas.microsoft.com/developer/msbuild/2003">
  <ItemGroup>
    <Filter Include="Quelldateien">
      <UniqueIdentifier>{4FC737F1-C7A5-4376-A066-2A32D752A2FF}</UniqueIdentifier>
      <Extensions>cpp;c;cc;cxx;c++;cppm;ixx;def;odl;idl;hpj;bat;asm;asmx</Extensions>
    </Filter>
    <Filter Include="Headerdateien">
      <UniqueIdentifier>{93995380-89BD-4b04-88EB-625FBE52EBFB}</UniqueIdentifier>
      <Extensions>h;hh;hpp;hxx;h++;hm;inl;inc;ipp;xsd</Extensions>
    </Filter>
    <Filter Include="Ressourcendateien">
      <UniqueIdentifier>{67DA6AB6-F800-4c08-8B7A-83BB121AAD01}</UniqueIdentifier>
      <Extensions>rc;ico;cur;bmp;dlg;rc2;rct;bin;rgs;gif;jpg;jpeg;jpe;resx;tiff;tif;png;wav;mfcribbon-ms</Extensions>
    </Filter>
  </ItemGroup>
  <ItemGroup>
    <ClCompile Include="Main.cpp">
      <Filter>Quelldateien</Filter>
    </ClCompile>
    <ClCompile Include="MultimapKeyedTree\MultimapKeyedTreeConnector.cpp">
      <Filter>Quelldateien</Filter>
    </ClCompile>
    <ClCompile Include="MultimapKeyedTree\MultimapKeyedTreeElement.cpp">
      <Filter>Quelldateien</Filter>
    </ClCompile>
    <ClCompile Include="MultimapKeyedTree\MultimapKeyedTree.cpp">
      <Filter>Quelldateien</Filter>
    </ClCompile>
    <ClCompile Include="LXML\LXMLElement.cpp">
      <Filter>Quelldateien</Filter>
    </ClCompile>
    <ClCompile Include="LXML\LXML.cpp">
      <Filter>Quelldateien</Filter>
    </ClCompile>
    <ClCompile Include="LXML\LXMLConnector.cpp">
      <Filter>Headerdateien</Filter>
    </ClCompile>
    <ClCompile Include="LXML\LXMLRegMatcher.cpp">
      <Filter>Headerdateien</Filter>
    </ClCompile>
    <ClCompile Include="LXML\LXMLTagAnalyser.cpp">
      <Filter>Headerdateien</Filter>
    </ClCompile>
    <ClCompile Include="LXML\FileIO.cpp">
      <Filter>Quelldateien</Filter>
    </ClCompile>
    <ClCompile Include="LXMLObjectMapper\LXMLObject.cpp">
      <Filter>Quelldateien</Filter>
    </ClCompile>
  </ItemGroup>
  <ItemGroup>
    <ClInclude Include="global_macros.h">
      <Filter>Headerdateien</Filter>
    </ClInclude>
    <ClInclude Include="globals_globals.h">
      <Filter>Headerdateien</Filter>
    </ClInclude>
    <ClInclude Include="MultimapKeyedTree\MultimapKeyedTreeConnector.h">
      <Filter>Headerdateien</Filter>
    </ClInclude>
    <ClInclude Include="MultimapKeyedTree\MultimapKeyedTreeElement.h">
      <Filter>Headerdateien</Filter>
    </ClInclude>
    <ClInclude Include="MultimapKeyedTree\MultimapKeyedTree.h">
      <Filter>Headerdateien</Filter>
    </ClInclude>
    <ClInclude Include="LXML\LXMLElement.h">
      <Filter>Headerdateien</Filter>
    </ClInclude>
    <ClInclude Include="LXML\LXML.h">
      <Filter>Headerdateien</Filter>
    </ClInclude>
    <ClInclude Include="LXML\LXMLConnector.h">
      <Filter>Headerdateien</Filter>
    </ClInclude>
    <ClInclude Include="LXML\LXMLTypes.h">
      <Filter>Headerdateien</Filter>
    </ClInclude>
    <ClInclude Include="LXML\LXMLConsts.h">
      <Filter>Headerdateien</Filter>
    </ClInclude>
    <ClInclude Include="LXML\LXMLRegMatcher.h">
      <Filter>Headerdateien</Filter>
    </ClInclude>
    <ClInclude Include="LXML\LXMLTagAnalyser.h">
      <Filter>Headerdateien</Filter>
    </ClInclude>
    <ClInclude Include="LXML\LXMLTagAnalyser_TestOutlet.h">
      <Filter>Headerdateien</Filter>
    </ClInclude>
    <ClInclude Include="LXML\FileIO.h">
      <Filter>Headerdateien</Filter>
    </ClInclude>
    <ClInclude Include="LXMLObjectMapper\LXMLObject.h">
      <Filter>Headerdateien</Filter>
    </ClInclude>
    <ClInclude Include="LXMLObjectMapper\LXMLObject_Consts.h">
      <Filter>Headerdateien</Filter>
    </ClInclude>
    <ClInclude Include="LXML\LXMLFunctions.h">
      <Filter>Headerdateien</Filter>
    </ClInclude>
  </ItemGroup>
  <ItemGroup>
    <Text Include="Notes.txt" />
  </ItemGroup>
  <ItemGroup>
    <None Include="ClassDiagram.cd" />
  </ItemGroup>
</Project>